
Microsoft Visual Studio Solution File, Format Version 12.00
# Visual Studio 15
VisualStudioVersion = 15.0.28307.168
MinimumVisualStudioVersion = 10.0.40219.1
Project("{8BC9CEB8-8B4A-11D0-8D11-00A0C91BC942}") = "gls", "gls\gls.vcxproj", "{4EC56363-6410-4B58-8732-3EC50575D532}"
EndProject
Project("{8BC9CEB8-8B4A-11D0-8D11-00A0C91BC942}") = "test", "test\test.vcxproj", "{20765AE7-16C2-4D91-88B4-F5FB44968A5F}"
EndProject
Global
	GlobalSection(SolutionConfigurationPlatforms) = preSolution
		Debug|x64 = Debug|x64
		Release|x64 = Release|x64
	EndGlobalSection
	GlobalSection(ProjectConfigurationPlatforms) = postSolution
		{4EC56363-6410-4B58-8732-3EC50575D532}.Debug|x64.ActiveCfg = Debug|x64
		{4EC56363-6410-4B58-8732-3EC50575D532}.Debug|x64.Build.0 = Debug|x64
		{4EC56363-6410-4B58-8732-3EC50575D532}.Release|x64.ActiveCfg = Release|x64
		{4EC56363-6410-4B58-8732-3EC50575D532}.Release|x64.Build.0 = Release|x64
		{20765AE7-16C2-4D91-88B4-F5FB44968A5F}.Debug|x64.ActiveCfg = Debug|x64
		{20765AE7-16C2-4D91-88B4-F5FB44968A5F}.Debug|x64.Build.0 = Debug|x64
		{20765AE7-16C2-4D91-88B4-F5FB44968A5F}.Release|x64.ActiveCfg = Release|x64
		{20765AE7-16C2-4D91-88B4-F5FB44968A5F}.Release|x64.Build.0 = Release|x64
	EndGlobalSection
	GlobalSection(SolutionProperties) = preSolution
		HideSolutionNode = FALSE
	EndGlobalSection
	GlobalSection(ExtensibilityGlobals) = postSolution
		SolutionGuid = {037A9D41-5C36-4FED-9239-0E775ABD2F8C}
	EndGlobalSection
EndGlobal
